
Microsoft Visual Studio Solution File, Format Version 12.00
# Visual Studio Version 17
VisualStudioVersion = 17.11.35312.102
MinimumVisualStudioVersion = 10.0.40219.1
Project("{FAE04EC0-301F-11D3-BF4B-00C04F79EFBC}") = "ClinicManagementSystem", "ClinicManagementSystem\ClinicManagementSystem.csproj", "{16E6CA40-A51A-4A05-AA09-6E43FF39C677}"
EndProject
Global
	GlobalSection(SolutionConfigurationPlatforms) = preSolution
		Debug|Any CPU = Debug|Any CPU
		Release|Any CPU = Release|Any CPU
	EndGlobalSection
	GlobalSection(ProjectConfigurationPlatforms) = postSolution
		{16E6CA40-A51A-4A05-AA09-6E43FF39C677}.Debug|Any CPU.ActiveCfg = Debug|Any CPU
		{16E6CA40-A51A-4A05-AA09-6E43FF39C677}.Debug|Any CPU.Build.0 = Debug|Any CPU
		{16E6CA40-A51A-4A05-AA09-6E43FF39C677}.Release|Any CPU.ActiveCfg = Release|Any CPU
		{16E6CA40-A51A-4A05-AA09-6E43FF39C677}.Release|Any CPU.Build.0 = Release|Any CPU
	EndGlobalSection
	GlobalSection(SolutionProperties) = preSolution
		HideSolutionNode = FALSE
	EndGlobalSection
	GlobalSection(ExtensibilityGlobals) = postSolution
		SolutionGuid = {4E0BC36A-99BD-4024-AF4E-1371265CAB8C}
	EndGlobalSection
EndGlobal
